
Microsoft Visual Studio Solution File, Format Version 12.00
# Visual Studio Version 16
VisualStudioVersion = 16.0.30611.23
MinimumVisualStudioVersion = 10.0.40219.1
Project("{FAE04EC0-301F-11D3-BF4B-00C04F79EFBC}") = "NFC_Freelance_P_Custom.Android", "NFC_Freelance_P_Custom\NFC_Freelance_P_Custom.Android\NFC_Freelance_P_Custom.Android.csproj", "{3B511CF3-EC01-4337-80D5-D848349F295F}"
EndProject
Project("{FAE04EC0-301F-11D3-BF4B-00C04F79EFBC}") = "NFC_Freelance_P_Custom.iOS", "NFC_Freelance_P_Custom\NFC_Freelance_P_Custom.iOS\NFC_Freelance_P_Custom.iOS.csproj", "{D05DD303-A22D-4805-B08A-7284AF03B506}"
EndProject
Project("{FAE04EC0-301F-11D3-BF4B-00C04F79EFBC}") = "NFC_Freelance_P_Custom", "NFC_Freelance_P_Custom\NFC_Freelance_P_Custom\NFC_Freelance_P_Custom.csproj", "{2823DEC0-9A6C-4A49-BD3D-EFEFCC90D76F}"
EndProject
Global
	GlobalSection(SolutionConfigurationPlatforms) = preSolution
		Debug|Any CPU = Debug|Any CPU
		Debug|iPhone = Debug|iPhone
		Debug|iPhoneSimulator = Debug|iPhoneSimulator
		Release|Any CPU = Release|Any CPU
		Release|iPhone = Release|iPhone
		Release|iPhoneSimulator = Release|iPhoneSimulator
	EndGlobalSection
	GlobalSection(ProjectConfigurationPlatforms) = postSolution
		{3B511CF3-EC01-4337-80D5-D848349F295F}.Debug|Any CPU.ActiveCfg = Debug|Any CPU
		{3B511CF3-EC01-4337-80D5-D848349F295F}.Debug|Any CPU.Build.0 = Debug|Any CPU
		{3B511CF3-EC01-4337-80D5-D848349F295F}.Debug|Any CPU.Deploy.0 = Debug|Any CPU
		{3B511CF3-EC01-4337-80D5-D848349F295F}.Debug|iPhone.ActiveCfg = Debug|Any CPU
		{3B511CF3-EC01-4337-80D5-D848349F295F}.Debug|iPhone.Build.0 = Debug|Any CPU
		{3B511CF3-EC01-4337-80D5-D848349F295F}.Debug|iPhone.Deploy.0 = Debug|Any CPU
		{3B511CF3-EC01-4337-80D5-D848349F295F}.Debug|iPhoneSimulator.ActiveCfg = Debug|Any CPU
		{3B511CF3-EC01-4337-80D5-D848349F295F}.Debug|iPhoneSimulator.Build.0 = Debug|Any CPU
		{3B511CF3-EC01-4337-80D5-D848349F295F}.Debug|iPhoneSimulator.Deploy.0 = Debug|Any CPU
		{3B511CF3-EC01-4337-80D5-D848349F295F}.Release|Any CPU.ActiveCfg = Release|Any CPU
		{3B511CF3-EC01-4337-80D5-D848349F295F}.Release|Any CPU.Build.0 = Release|Any CPU
		{3B511CF3-EC01-4337-80D5-D848349F295F}.Release|Any CPU.Deploy.0 = Release|Any CPU
		{3B511CF3-EC01-4337-80D5-D848349F295F}.Release|iPhone.ActiveCfg = Release|Any CPU
		{3B511CF3-EC01-4337-80D5-D848349F295F}.Release|iPhone.Build.0 = Release|Any CPU
		{3B511CF3-EC01-4337-80D5-D848349F295F}.Release|iPhone.Deploy.0 = Release|Any CPU
		{3B511CF3-EC01-4337-80D5-D848349F295F}.Release|iPhoneSimulator.ActiveCfg = Release|Any CPU
		{3B511CF3-EC01-4337-80D5-D848349F295F}.Release|iPhoneSimulator.Build.0 = Release|Any CPU
		{3B511CF3-EC01-4337-80D5-D848349F295F}.Release|iPhoneSimulator.Deploy.0 = Release|Any CPU
		{D05DD303-A22D-4805-B08A-7284AF03B506}.Debug|Any CPU.ActiveCfg = Debug|iPhone
		{D05DD303-A22D-4805-B08A-7284AF03B506}.Debug|Any CPU.Build.0 = Debug|iPhone
		{D05DD303-A22D-4805-B08A-7284AF03B506}.Debug|Any CPU.Deploy.0 = Debug|iPhone
		{D05DD303-A22D-4805-B08A-7284AF03B506}.Debug|iPhone.ActiveCfg = Debug|iPhone
		{D05DD303-A22D-4805-B08A-7284AF03B506}.Debug|iPhone.Build.0 = Debug|iPhone
		{D05DD303-A22D-4805-B08A-7284AF03B506}.Debug|iPhone.Deploy.0 = Debug|iPhone
		{D05DD303-A22D-4805-B08A-7284AF03B506}.Debug|iPhoneSimulator.ActiveCfg = Debug|iPhoneSimulator
		{D05DD303-A22D-4805-B08A-7284AF03B506}.Debug|iPhoneSimulator.Build.0 = Debug|iPhoneSimulator
		{D05DD303-A22D-4805-B08A-7284AF03B506}.Debug|iPhoneSimulator.Deploy.0 = Debug|iPhoneSimulator
		{D05DD303-A22D-4805-B08A-7284AF03B506}.Release|Any CPU.ActiveCfg = Release|iPhoneSimulator
		{D05DD303-A22D-4805-B08A-7284AF03B506}.Release|Any CPU.Build.0 = Release|iPhoneSimulator
		{D05DD303-A22D-4805-B08A-7284AF03B506}.Release|Any CPU.Deploy.0 = Release|iPhoneSimulator
		{D05DD303-A22D-4805-B08A-7284AF03B506}.Release|iPhone.ActiveCfg = Release|iPhone
		{D05DD303-A22D-4805-B08A-7284AF03B506}.Release|iPhone.Build.0 = Release|iPhone
		{D05DD303-A22D-4805-B08A-7284AF03B506}.Release|iPhone.Deploy.0 = Release|iPhone
		{D05DD303-A22D-4805-B08A-7284AF03B506}.Release|iPhoneSimulator.ActiveCfg = Release|iPhoneSimulator
		{D05DD303-A22D-4805-B08A-7284AF03B506}.Release|iPhoneSimulator.Build.0 = Release|iPhoneSimulator
		{D05DD303-A22D-4805-B08A-7284AF03B506}.Release|iPhoneSimulator.Deploy.0 = Release|iPhoneSimulator
		{2823DEC0-9A6C-4A49-BD3D-EFEFCC90D76F}.Debug|Any CPU.ActiveCfg = Debug|Any CPU
		{2823DEC0-9A6C-4A49-BD3D-EFEFCC90D76F}.Debug|Any CPU.Build.0 = Debug|Any CPU
		{2823DEC0-9A6C-4A49-BD3D-EFEFCC90D76F}.Debug|Any CPU.Deploy.0 = Debug|Any CPU
		{2823DEC0-9A6C-4A49-BD3D-EFEFCC90D76F}.Debug|iPhone.ActiveCfg = Debug|Any CPU
		{2823DEC0-9A6C-4A49-BD3D-EFEFCC90D76F}.Debug|iPhone.Build.0 = Debug|Any CPU
		{2823DEC0-9A6C-4A49-BD3D-EFEFCC90D76F}.Debug|iPhone.Deploy.0 = Debug|Any CPU
		{2823DEC0-9A6C-4A49-BD3D-EFEFCC90D76F}.Debug|iPhoneSimulator.ActiveCfg = Debug|Any CPU
		{2823DEC0-9A6C-4A49-BD3D-EFEFCC90D76F}.Debug|iPhoneSimulator.Build.0 = Debug|Any CPU
		{2823DEC0-9A6C-4A49-BD3D-EFEFCC90D76F}.Debug|iPhoneSimulator.Deploy.0 = Debug|Any CPU
		{2823DEC0-9A6C-4A49-BD3D-EFEFCC90D76F}.Release|Any CPU.ActiveCfg = Release|Any CPU
		{2823DEC0-9A6C-4A49-BD3D-EFEFCC90D76F}.Release|Any CPU.Build.0 = Release|Any CPU
		{2823DEC0-9A6C-4A49-BD3D-EFEFCC90D76F}.Release|Any CPU.Deploy.0 = Release|Any CPU
		{2823DEC0-9A6C-4A49-BD3D-EFEFCC90D76F}.Release|iPhone.ActiveCfg = Release|Any CPU
		{2823DEC0-9A6C-4A49-BD3D-EFEFCC90D76F}.Release|iPhone.Build.0 = Release|Any CPU
		{2823DEC0-9A6C-4A49-BD3D-EFEFCC90D76F}.Release|iPhone.Deploy.0 = Release|Any CPU
		{2823DEC0-9A6C-4A49-BD3D-EFEFCC90D76F}.Release|iPhoneSimulator.ActiveCfg = Release|Any CPU
		{2823DEC0-9A6C-4A49-BD3D-EFEFCC90D76F}.Release|iPhoneSimulator.Build.0 = Release|Any CPU
		{2823DEC0-9A6C-4A49-BD3D-EFEFCC90D76F}.Release|iPhoneSimulator.Deploy.0 = Release|Any CPU
	EndGlobalSection
	GlobalSection(SolutionProperties) = preSolution
		HideSolutionNode = FALSE
	EndGlobalSection
	GlobalSection(ExtensibilityGlobals) = postSolution
		SolutionGuid = {E90F6145-C1FE-4351-8BBE-797A8CD22E48}
	EndGlobalSection
EndGlobal
